{
  "name": "bz-a-la-mods",
  "lockfileVersion": 3,
  "requires": true,
  "packages": {
    "": {
      "name": "bz-a-la-mods",
      "dependencies": {
        "@eslint/js": "^9.24.0"
      }
    },
    "node_modules/@eslint/js": {
      "version": "9.39.5",
      "resolved": "https://registry.npmjs.org/@eslint/js/-/js-9.39.5.tgz",
      "integrity": "sha512-QywQuszQh77pIXCsq998c8hbhSTI/azTty1Z6N53dmAudKHhy573j3yvRLsX2BSp8YpLtoCEG8E9DJe+8zUh4A==",
      "license": "MIT",
      "engines": {
        "node": "^18.18.0 || ^20.9.0 || >=21.1.0"
      },
      "funding": {
        "url": "https://eslint.org/donate"
      }
    }
  }
}
